
Microsoft Visual Studio Solution File, Format Version 12.00
# Visual Studio Version 17
VisualStudioVersion = 17.4.33213.308
MinimumVisualStudioVersion = 10.0.40219.1
Project("{FAE04EC0-301F-11D3-BF4B-00C04F79EFBC}") = "PracticeDLL", "PracticeDLL\PracticeDLL.csproj", "{075BBAF8-6CBA-4405-9FB7-0E494DE68387}"
EndProject
Global
	GlobalSection(SolutionConfigurationPlatforms) = preSolution
		Debug|Any CPU = Debug|Any CPU
		Release|Any CPU = Release|Any CPU
	EndGlobalSection
	GlobalSection(ProjectConfigurationPlatforms) = postSolution
		{075BBAF8-6CBA-4405-9FB7-0E494DE68387}.Debug|Any CPU.ActiveCfg = Debug|Any CPU
		{075BBAF8-6CBA-4405-9FB7-0E494DE68387}.Debug|Any CPU.Build.0 = Debug|Any CPU
		{075BBAF8-6CBA-4405-9FB7-0E494DE68387}.Release|Any CPU.ActiveCfg = Release|Any CPU
		{075BBAF8-6CBA-4405-9FB7-0E494DE68387}.Release|Any CPU.Build.0 = Release|Any CPU
	EndGlobalSection
	GlobalSection(SolutionProperties) = preSolution
		HideSolutionNode = FALSE
	EndGlobalSection
	GlobalSection(ExtensibilityGlobals) = postSolution
		SolutionGuid = {105AE6A7-B5B1-4298-9139-08C0F558D28F}
	EndGlobalSection
EndGlobal
